
Microsoft Visual Studio Solution File, Format Version 12.00
# Visual Studio 2012
Project("{FAE04EC0-301F-11D3-BF4B-00C04F79EFBC}") = "ConsoleApplication33", "ConsoleApplication33\ConsoleApplication33.csproj", "{81E6DC02-E149-4AD5-BC15-20F953344A6F}"
EndProject
Project("{FAE04EC0-301F-11D3-BF4B-00C04F79EFBC}") = "MvcApplication1", "MvcApplication1\MvcApplication1.csproj", "{51729D10-36B3-4358-AB14-5FA16B23845B}"
EndProject
Project("{FAE04EC0-301F-11D3-BF4B-00C04F79EFBC}") = "DataLayer", "DataLayer\DataLayer.csproj", "{8FB1CC61-BBAD-4E44-84AC-DD0F0A972D18}"
EndProject
Project("{FAE04EC0-301F-11D3-BF4B-00C04F79EFBC}") = "ConsoleApplication1", "ConsoleApplication1\ConsoleApplication1.csproj", "{B940EC9E-C350-41FA-822A-1CDFA840901B}"
EndProject
Global
	GlobalSection(SolutionConfigurationPlatforms) = preSolution
		Debug|Any CPU = Debug|Any CPU
		Release|Any CPU = Release|Any CPU
	EndGlobalSection
	GlobalSection(ProjectConfigurationPlatforms) = postSolution
		{81E6DC02-E149-4AD5-BC15-20F953344A6F}.Debug|Any CPU.ActiveCfg = Debug|Any CPU
		{81E6DC02-E149-4AD5-BC15-20F953344A6F}.Debug|Any CPU.Build.0 = Debug|Any CPU
		{81E6DC02-E149-4AD5-BC15-20F953344A6F}.Release|Any CPU.ActiveCfg = Release|Any CPU
		{81E6DC02-E149-4AD5-BC15-20F953344A6F}.Release|Any CPU.Build.0 = Release|Any CPU
		{51729D10-36B3-4358-AB14-5FA16B23845B}.Debug|Any CPU.ActiveCfg = Debug|Any CPU
		{51729D10-36B3-4358-AB14-5FA16B23845B}.Debug|Any CPU.Build.0 = Debug|Any CPU
		{51729D10-36B3-4358-AB14-5FA16B23845B}.Release|Any CPU.ActiveCfg = Release|Any CPU
		{51729D10-36B3-4358-AB14-5FA16B23845B}.Release|Any CPU.Build.0 = Release|Any CPU
		{8FB1CC61-BBAD-4E44-84AC-DD0F0A972D18}.Debug|Any CPU.ActiveCfg = Debug|Any CPU
		{8FB1CC61-BBAD-4E44-84AC-DD0F0A972D18}.Debug|Any CPU.Build.0 = Debug|Any CPU
		{8FB1CC61-BBAD-4E44-84AC-DD0F0A972D18}.Release|Any CPU.ActiveCfg = Release|Any CPU
		{8FB1CC61-BBAD-4E44-84AC-DD0F0A972D18}.Release|Any CPU.Build.0 = Release|Any CPU
		{B940EC9E-C350-41FA-822A-1CDFA840901B}.Debug|Any CPU.ActiveCfg = Debug|Any CPU
		{B940EC9E-C350-41FA-822A-1CDFA840901B}.Debug|Any CPU.Build.0 = Debug|Any CPU
		{B940EC9E-C350-41FA-822A-1CDFA840901B}.Release|Any CPU.ActiveCfg = Release|Any CPU
		{B940EC9E-C350-41FA-822A-1CDFA840901B}.Release|Any CPU.Build.0 = Release|Any CPU
	EndGlobalSection
	GlobalSection(SolutionProperties) = preSolution
		HideSolutionNode = FALSE
	EndGlobalSection
EndGlobal
